
Microsoft Visual Studio Solution File, Format Version 12.00
# Visual Studio Version 16
VisualStudioVersion = 16.0.31424.327
MinimumVisualStudioVersion = 10.0.40219.1
Project("{8BC9CEB8-8B4A-11D0-8D11-00A0C91BC942}") = "LE1MedigelTest", "LE1MedigelTest\LE1MedigelTest.vcxproj", "{A0D8B7E4-D7DA-43FF-AEE1-08C9103B2E18}"
EndProject
Project("{8BC9CEB8-8B4A-11D0-8D11-00A0C91BC942}") = "SeqActLog Enabler", "SeqActLog Enabler\SeqActLog Enabler.vcxproj", "{663B2C5C-7EF5-44D8-B666-62D4DDFB9DA4}"
EndProject
Global
	GlobalSection(SolutionConfigurationPlatforms) = preSolution
		Debug|x64 = Debug|x64
		Release|x64 = Release|x64
	EndGlobalSection
	GlobalSection(ProjectConfigurationPlatforms) = postSolution
		{A0D8B7E4-D7DA-43FF-AEE1-08C9103B2E18}.Debug|x64.ActiveCfg = Debug|x64
		{A0D8B7E4-D7DA-43FF-AEE1-08C9103B2E18}.Debug|x64.Build.0 = Debug|x64
		{A0D8B7E4-D7DA-43FF-AEE1-08C9103B2E18}.Release|x64.ActiveCfg = Release|x64
		{A0D8B7E4-D7DA-43FF-AEE1-08C9103B2E18}.Release|x64.Build.0 = Release|x64
		{663B2C5C-7EF5-44D8-B666-62D4DDFB9DA4}.Debug|x64.ActiveCfg = Debug|x64
		{663B2C5C-7EF5-44D8-B666-62D4DDFB9DA4}.Debug|x64.Build.0 = Debug|x64
		{663B2C5C-7EF5-44D8-B666-62D4DDFB9DA4}.Release|x64.ActiveCfg = Release|x64
		{663B2C5C-7EF5-44D8-B666-62D4DDFB9DA4}.Release|x64.Build.0 = Release|x64
	EndGlobalSection
	GlobalSection(SolutionProperties) = preSolution
		HideSolutionNode = FALSE
	EndGlobalSection
	GlobalSection(ExtensibilityGlobals) = postSolution
		SolutionGuid = {295ED29A-12F7-42C4-98B9-B66BD42C8827}
	EndGlobalSection
EndGlobal
