
Microsoft Visual Studio Solution File, Format Version 12.00
# Visual Studio Version 16
VisualStudioVersion = 16.0.31424.327
MinimumVisualStudioVersion = 10.0.40219.1
Project("{8BC9CEB8-8B4A-11D0-8D11-00A0C91BC942}") = "LE1MedigelTest", "LE1MedigelTest\LE1MedigelTest.vcxproj", "{A0D8B7E4-D7DA-43FF-AEE1-08C9103B2E18}"
EndProject
Project("{8BC9CEB8-8B4A-11D0-8D11-00A0C91BC942}") = "SeqActLog Enabler", "SeqActLog Enabler\SeqActLog Enabler.vcxproj", "{663B2C5C-7EF5-44D8-B666-62D4DDFB9DA4}"
EndProject
Project("{8BC9CEB8-8B4A-11D0-8D11-00A0C91BC942}") = "LE1StreamingLevelsHUD", "LE1StreamingLevelsHUD\LE1StreamingLevelsHUD.vcxproj", "{24261DB1-E217-4234-B048-1ACEA2F67237}"
EndProject
Project("{8BC9CEB8-8B4A-11D0-8D11-00A0C91BC942}") = "LE1SeekFreeEnabler", "LE1SeekFreeEnabler\LE1SeekFreeEnabler.vcxproj", "{34261DB1-E217-4234-B048-1ACEA2F67237}"
EndProject
Project("{8BC9CEB8-8B4A-11D0-8D11-00A0C91BC942}") = "UnrealscriptDebugger", "UnrealscriptDebugger\UnrealscriptDebugger.vcxproj", "{4F602A1F-BB35-458B-87D6-FE11AD430902}"
EndProject
Project("{8BC9CEB8-8B4A-11D0-8D11-00A0C91BC942}") = "KismetLogger", "KismetLogger\KismetLogger.vcxproj", "{1F82E847-1848-4F1E-B458-E008C2FF8F43}"
EndProject
Project("{8BC9CEB8-8B4A-11D0-8D11-00A0C91BC942}") = "LE1LEXInterop", "LE1LEXInterop\LE1LEXInterop.vcxproj", "{3E825F49-5D7E-4064-B5B2-03011B408B6F}"
EndProject
Project("{8BC9CEB8-8B4A-11D0-8D11-00A0C91BC942}") = "FunctionLogger", "FunctionLogger\FunctionLogger.vcxproj", "{F5C37F91-930C-4037-B0A0-C8C352636899}"
EndProject
Project("{8BC9CEB8-8B4A-11D0-8D11-00A0C91BC942}") = "LE1DebugLogger", "LE1DebugLogger\LE1DebugLogger.vcxproj", "{C0B3993D-89FD-43D0-B1E3-B8A108197544}"
EndProject
Project("{8BC9CEB8-8B4A-11D0-8D11-00A0C91BC942}") = "MExperiments", "MExperiments\MExperiements.vcxproj", "{160E1D32-278C-410F-9734-DAAC56711EFF}"
EndProject
Project("{8BC9CEB8-8B4A-11D0-8D11-00A0C91BC942}") = "2DAPrinter", "2DAPrinter\2DAPrinter.vcxproj", "{8298E95F-CC4D-440D-B9E6-7B7BC0DF2FE4}"
EndProject
Project("{8BC9CEB8-8B4A-11D0-8D11-00A0C91BC942}") = "LE1-SDK", "LE1-SDK\LE1-SDK.vcxproj", "{E8071203-085E-4B90-9C5C-39D546ED6FE2}"
EndProject
Global
	GlobalSection(SolutionConfigurationPlatforms) = preSolution
		Debug|x64 = Debug|x64
		Debug|x86 = Debug|x86
		Release|x64 = Release|x64
		Release|x86 = Release|x86
	EndGlobalSection
	GlobalSection(ProjectConfigurationPlatforms) = postSolution
		{A0D8B7E4-D7DA-43FF-AEE1-08C9103B2E18}.Debug|x64.ActiveCfg = Debug|x64
		{A0D8B7E4-D7DA-43FF-AEE1-08C9103B2E18}.Debug|x64.Build.0 = Debug|x64
		{A0D8B7E4-D7DA-43FF-AEE1-08C9103B2E18}.Debug|x86.ActiveCfg = Debug|x64
		{A0D8B7E4-D7DA-43FF-AEE1-08C9103B2E18}.Release|x64.ActiveCfg = Release|x64
		{A0D8B7E4-D7DA-43FF-AEE1-08C9103B2E18}.Release|x64.Build.0 = Release|x64
		{A0D8B7E4-D7DA-43FF-AEE1-08C9103B2E18}.Release|x86.ActiveCfg = Release|x64
		{663B2C5C-7EF5-44D8-B666-62D4DDFB9DA4}.Debug|x64.ActiveCfg = Debug|x64
		{663B2C5C-7EF5-44D8-B666-62D4DDFB9DA4}.Debug|x64.Build.0 = Debug|x64
		{663B2C5C-7EF5-44D8-B666-62D4DDFB9DA4}.Debug|x86.ActiveCfg = Debug|x64
		{663B2C5C-7EF5-44D8-B666-62D4DDFB9DA4}.Debug|x86.Build.0 = Debug|x64
		{663B2C5C-7EF5-44D8-B666-62D4DDFB9DA4}.Release|x64.ActiveCfg = Release|x64
		{663B2C5C-7EF5-44D8-B666-62D4DDFB9DA4}.Release|x64.Build.0 = Release|x64
		{663B2C5C-7EF5-44D8-B666-62D4DDFB9DA4}.Release|x86.ActiveCfg = Release|x64
		{663B2C5C-7EF5-44D8-B666-62D4DDFB9DA4}.Release|x86.Build.0 = Release|x64
		{24261DB1-E217-4234-B048-1ACEA2F67237}.Debug|x64.ActiveCfg = Debug|x64
		{24261DB1-E217-4234-B048-1ACEA2F67237}.Debug|x64.Build.0 = Debug|x64
		{24261DB1-E217-4234-B048-1ACEA2F67237}.Debug|x86.ActiveCfg = Debug|Win32
		{24261DB1-E217-4234-B048-1ACEA2F67237}.Debug|x86.Build.0 = Debug|Win32
		{24261DB1-E217-4234-B048-1ACEA2F67237}.Release|x64.ActiveCfg = Release|x64
		{24261DB1-E217-4234-B048-1ACEA2F67237}.Release|x64.Build.0 = Release|x64
		{24261DB1-E217-4234-B048-1ACEA2F67237}.Release|x86.ActiveCfg = Release|Win32
		{24261DB1-E217-4234-B048-1ACEA2F67237}.Release|x86.Build.0 = Release|Win32
		{34261DB1-E217-4234-B048-1ACEA2F67237}.Debug|x64.ActiveCfg = Debug|x64
		{34261DB1-E217-4234-B048-1ACEA2F67237}.Debug|x64.Build.0 = Debug|x64
		{34261DB1-E217-4234-B048-1ACEA2F67237}.Debug|x86.ActiveCfg = Debug|x64
		{34261DB1-E217-4234-B048-1ACEA2F67237}.Release|x64.ActiveCfg = Release|x64
		{34261DB1-E217-4234-B048-1ACEA2F67237}.Release|x64.Build.0 = Release|x64
		{34261DB1-E217-4234-B048-1ACEA2F67237}.Release|x86.ActiveCfg = Release|x64
		{4F602A1F-BB35-458B-87D6-FE11AD430902}.Debug|x64.ActiveCfg = Debug|x64
		{4F602A1F-BB35-458B-87D6-FE11AD430902}.Debug|x64.Build.0 = Debug|x64
		{4F602A1F-BB35-458B-87D6-FE11AD430902}.Debug|x86.ActiveCfg = Debug|x64
		{4F602A1F-BB35-458B-87D6-FE11AD430902}.Release|x64.ActiveCfg = Release|x64
		{4F602A1F-BB35-458B-87D6-FE11AD430902}.Release|x64.Build.0 = Release|x64
		{4F602A1F-BB35-458B-87D6-FE11AD430902}.Release|x86.ActiveCfg = Release|x64
		{1F82E847-1848-4F1E-B458-E008C2FF8F43}.Debug|x64.ActiveCfg = Debug|x64
		{1F82E847-1848-4F1E-B458-E008C2FF8F43}.Debug|x64.Build.0 = Debug|x64
		{1F82E847-1848-4F1E-B458-E008C2FF8F43}.Debug|x86.ActiveCfg = Debug|x64
		{1F82E847-1848-4F1E-B458-E008C2FF8F43}.Release|x64.ActiveCfg = Release|x64
		{1F82E847-1848-4F1E-B458-E008C2FF8F43}.Release|x64.Build.0 = Release|x64
		{1F82E847-1848-4F1E-B458-E008C2FF8F43}.Release|x86.ActiveCfg = Release|x64
		{3E825F49-5D7E-4064-B5B2-03011B408B6F}.Debug|x64.ActiveCfg = Debug|x64
		{3E825F49-5D7E-4064-B5B2-03011B408B6F}.Debug|x64.Build.0 = Debug|x64
		{3E825F49-5D7E-4064-B5B2-03011B408B6F}.Debug|x86.ActiveCfg = Debug|x64
		{3E825F49-5D7E-4064-B5B2-03011B408B6F}.Release|x64.ActiveCfg = Release|x64
		{3E825F49-5D7E-4064-B5B2-03011B408B6F}.Release|x64.Build.0 = Release|x64
		{3E825F49-5D7E-4064-B5B2-03011B408B6F}.Release|x86.ActiveCfg = Release|x64
		{F5C37F91-930C-4037-B0A0-C8C352636899}.Debug|x64.ActiveCfg = Debug|x64
		{F5C37F91-930C-4037-B0A0-C8C352636899}.Debug|x64.Build.0 = Debug|x64
		{F5C37F91-930C-4037-B0A0-C8C352636899}.Debug|x86.ActiveCfg = Debug|x64
		{F5C37F91-930C-4037-B0A0-C8C352636899}.Release|x64.ActiveCfg = Release|x64
		{F5C37F91-930C-4037-B0A0-C8C352636899}.Release|x64.Build.0 = Release|x64
		{F5C37F91-930C-4037-B0A0-C8C352636899}.Release|x86.ActiveCfg = Release|x64
		{C0B3993D-89FD-43D0-B1E3-B8A108197544}.Debug|x64.ActiveCfg = Debug|x64
		{C0B3993D-89FD-43D0-B1E3-B8A108197544}.Debug|x64.Build.0 = Debug|x64
		{C0B3993D-89FD-43D0-B1E3-B8A108197544}.Debug|x86.ActiveCfg = Debug|x64
		{C0B3993D-89FD-43D0-B1E3-B8A108197544}.Release|x64.ActiveCfg = Release|x64
		{C0B3993D-89FD-43D0-B1E3-B8A108197544}.Release|x64.Build.0 = Release|x64
		{C0B3993D-89FD-43D0-B1E3-B8A108197544}.Release|x86.ActiveCfg = Release|x64
		{160E1D32-278C-410F-9734-DAAC56711EFF}.Debug|x64.ActiveCfg = Debug|x64
		{160E1D32-278C-410F-9734-DAAC56711EFF}.Debug|x64.Build.0 = Debug|x64
		{160E1D32-278C-410F-9734-DAAC56711EFF}.Debug|x86.ActiveCfg = Debug|x64
		{160E1D32-278C-410F-9734-DAAC56711EFF}.Release|x64.ActiveCfg = Release|x64
		{160E1D32-278C-410F-9734-DAAC56711EFF}.Release|x64.Build.0 = Release|x64
		{160E1D32-278C-410F-9734-DAAC56711EFF}.Release|x86.ActiveCfg = Release|x64
		{8298E95F-CC4D-440D-B9E6-7B7BC0DF2FE4}.Debug|x64.ActiveCfg = Debug|x64
		{8298E95F-CC4D-440D-B9E6-7B7BC0DF2FE4}.Debug|x64.Build.0 = Debug|x64
		{8298E95F-CC4D-440D-B9E6-7B7BC0DF2FE4}.Debug|x86.ActiveCfg = Debug|x64
		{8298E95F-CC4D-440D-B9E6-7B7BC0DF2FE4}.Release|x64.ActiveCfg = Release|x64
		{8298E95F-CC4D-440D-B9E6-7B7BC0DF2FE4}.Release|x64.Build.0 = Release|x64
		{8298E95F-CC4D-440D-B9E6-7B7BC0DF2FE4}.Release|x86.ActiveCfg = Release|x64
		{E8071203-085E-4B90-9C5C-39D546ED6FE2}.Debug|x64.ActiveCfg = Debug|x64
		{E8071203-085E-4B90-9C5C-39D546ED6FE2}.Debug|x64.Build.0 = Debug|x64
		{E8071203-085E-4B90-9C5C-39D546ED6FE2}.Debug|x86.ActiveCfg = Debug|Win32
		{E8071203-085E-4B90-9C5C-39D546ED6FE2}.Debug|x86.Build.0 = Debug|Win32
		{E8071203-085E-4B90-9C5C-39D546ED6FE2}.Release|x64.ActiveCfg = Release|x64
		{E8071203-085E-4B90-9C5C-39D546ED6FE2}.Release|x64.Build.0 = Release|x64
		{E8071203-085E-4B90-9C5C-39D546ED6FE2}.Release|x86.ActiveCfg = Release|Win32
		{E8071203-085E-4B90-9C5C-39D546ED6FE2}.Release|x86.Build.0 = Release|Win32
	EndGlobalSection
	GlobalSection(SolutionProperties) = preSolution
		HideSolutionNode = FALSE
	EndGlobalSection
	GlobalSection(ExtensibilityGlobals) = postSolution
		SolutionGuid = {295ED29A-12F7-42C4-98B9-B66BD42C8827}
	EndGlobalSection
EndGlobal
